{
  "version": 2,
  "dependencies": {
    "net10.0": {
      "Microsoft.AspNetCore.App.Internal.Assets": {
        "type": "Direct",
        "requested": "[10.0.12, )",
        "resolved": "10.0.12",
        "contentHash": "+sIBo9AMBZH46qHWHQdfzcGMt+RuBaPYrUMOAM9VjA7MQ9QtIez3lq1C3E05+Yroa94KKt3DSWaxmCI4H28a9Q=="
      },
      "Newtonsoft.Json": {
        "type": "Direct",
        "requested": "[13.0.3, )",
        "resolved": "13.0.3",
        "contentHash": "HrC5BXdl00IP9zeV+0Z848QWPAoCr9P3bDEZguI+gkLcBKAOxix/tLEAAHC+UvDNPv4a2d18lOReHMOagPa+zQ=="
      },
      "Syncfusion.Blazor.Buttons": {
        "type": "Direct",
        "requested": "[34.2.6, )",
        "resolved": "34.2.6",
        "contentHash": "vgftHVeIfRVEFKdvn3/lUi8mrhFVL8TbngGevpNNHOUiNkLzo0oOE8cjPkcoeLbcijHy7jI5FHMfanx7KDDz5A==",
        "dependencies": {
          "Syncfusion.Blazor.Core": "34.2.6"
        }
      },
      "Syncfusion.Blazor.Calendars": {
        "type": "Direct",
        "requested": "[34.2.6, )",
        "resolved": "34.2.6",
        "contentHash": "lonAJXEtEhS9tDkQwiRAJU6b4ELbLgMnz1ZgoYBnihsXSSKlsqxgWrvrPOHCque+Khlrv8PpTGWtVxrCK7CB4Q==",
        "dependencies": {
          "Syncfusion.Blazor.Buttons": "34.2.6",
          "Syncfusion.Blazor.Core": "34.2.6",
          "Syncfusion.Blazor.Inputs": "34.2.6",
          "Syncfusion.Blazor.Lists": "34.2.6"
        }
      },
      "Syncfusion.Blazor.Charts": {
        "type": "Direct",
        "requested": "[34.2.6, )",
        "resolved": "34.2.6",
        "contentHash": "eYBSQbQI6+A1sCuaba7/xwo6zUheixaeo6LJbJ5ktmMMr6VJSQEeB6FX0YAlXNFuPs+ZMxZfu2GxAXsqu2UlgA==",
        "dependencies": {
          "Syncfusion.Blazor.Core": "34.2.6",
          "Syncfusion.Blazor.Data": "34.2.6",
          "Syncfusion.Blazor.DataVizCommon": "34.2.6",
          "Syncfusion.ExcelExport.Net.Core": "34.2.6",
          "Syncfusion.PdfExport.Net.Core": "34.2.6",
          "Syncfusion.Telemetry": "34.2.6"
        }
      },
      "Syncfusion.Blazor.Grid": {
        "type": "Direct",
        "requested": "[34.2.6, )",
        "resolved": "34.2.6",
        "contentHash": "gj4oVct9OYvgV0QSA69k9XJMXAHZ2CJ96rcHSjyVcqjvYCNipAbkwJp1NkwgORiNTDYuaU1ciGw1rhTw0P7S/A==",
        "dependencies": {
          "Syncfusion.Blazor.Buttons": "34.2.6",
          "Syncfusion.Blazor.Calendars": "34.2.6",
          "Syncfusion.Blazor.Core": "34.2.6",
          "Syncfusion.Blazor.Data": "34.2.6",
          "Syncfusion.Blazor.DropDowns": "34.2.6",
          "Syncfusion.Blazor.Inputs": "34.2.6",
          "Syncfusion.Blazor.Navigations": "34.2.6",
          "Syncfusion.Blazor.Popups": "34.2.6",
          "Syncfusion.Blazor.Spinner": "34.2.6",
          "Syncfusion.ExcelExport.Net.Core": "34.2.6",
          "Syncfusion.PdfExport.Net.Core": "34.2.6",
          "Syncfusion.Telemetry": "34.2.6"
        }
      },
      "Syncfusion.Blazor.Inputs": {
        "type": "Direct",
        "requested": "[34.2.6, )",
        "resolved": "34.2.6",
        "contentHash": "s8/HVp+oMryO5rW4pEo/cUnYeZoJLwWAf7lwt9TYMzYrHWkZV7J7wAaxq+9iNP4jdWxOkHFWs4xOs+nihO0GKg==",
        "dependencies": {
          "Syncfusion.Blazor.Buttons": "34.2.6",
          "Syncfusion.Blazor.Core": "34.2.6",
          "Syncfusion.Blazor.Data": "34.2.6",
          "Syncfusion.Blazor.Popups": "34.2.6",
          "Syncfusion.Blazor.Spinner": "34.2.6",
          "Syncfusion.Blazor.SplitButtons": "34.2.6"
        }
      },
      "Syncfusion.Blazor.Popups": {
        "type": "Direct",
        "requested": "[34.2.6, )",
        "resolved": "34.2.6",
        "contentHash": "JmZprJAoPwol/5dCePmkAzQC+GyJ8LZxPjQFcBc1HvBFwC+wEF5+j7r9RZF2XRRfFKvh/2Q8dipP5qjQ3/9jrQ==",
        "dependencies": {
          "Syncfusion.Blazor.Buttons": "34.2.6",
          "Syncfusion.Blazor.Core": "34.2.6"
        }
      },
      "Syncfusion.Blazor.Themes": {
        "type": "Direct",
        "requested": "[34.2.6, )",
        "resolved": "34.2.6",
        "contentHash": "bIgO7sc/gfLju9fP/rKAAPMyAzVBZplPfRomzGeV2YKBgjPHjNi+c6iguKg0WLY0Yk5lsaO8RUTkkOsSDCWZFg=="
      },
      "Microsoft.EntityFrameworkCore.Abstractions": {
        "type": "Transitive",
        "resolved": "10.0.11",
        "contentHash": "6auJR+9+9VunznKfH7WGrHMrnrmA0F7JZ22EXzwXvVhjfnbu9Xq7NSIWaOf3KJsOanM2qf5ajJ2JR5TlcPZTLA=="
      },
      "Microsoft.EntityFrameworkCore.Analyzers": {
        "type": "Transitive",
        "resolved": "10.0.11",
        "contentHash": "Bv7X4wSSnzCQED9WYXKJ8fwgyvKwf0xZM1GO8xkf6CF9zl+UBnvjxmcPnokJRy0JKjc1SlHSzzhx1HcL4jitTQ=="
      },
      "Microsoft.Extensions.AmbientMetadata.Application": {
        "type": "Transitive",
        "resolved": "10.9.0",
        "contentHash": "BX45SeAjP6sz9Djg6Gm0/IruBuWkyUKxtr4pn9sLAuprnuRn+VBPZVH2XxpzbaT7cVCPim3+Dkijl6yhLHjBOw=="
      },
      "Microsoft.Extensions.Compliance.Abstractions": {
        "type": "Transitive",
        "resolved": "10.9.0",
        "contentHash": "tuSqNuiJxlln43sZ8c1EDA4WXit1eX4foGadylXso3DnMVc+DtKfaNEwvHuiFXfPsEUZ6Z3GnF0Bfk9vvOsE4Q=="
      },
      "Microsoft.Extensions.DependencyInjection.AutoActivation": {
        "type": "Transitive",
        "resolved": "10.9.0",
        "contentHash": "hO/IpudHBl+EMXm1Ag8+7ersCN7VuiR6ech1+cVk8I+o7ssPRKdTozIAO4HGPt49G/lY6lo7G2kY5Q00biMHew=="
      },
      "Microsoft.Extensions.Diagnostics.ExceptionSummarization": {
        "type": "Transitive",
        "resolved": "10.9.0",
        "contentHash": "Cyp36W6/XHD6sSDnbc6Ss7M+qOcjrer400Dx4Tfkb5OHcKV6bp9uMqZ4Y8PAoSwTfS8a/3lB9xCF+CLf0JGUig=="
      },
      "Microsoft.Extensions.Http.Diagnostics": {
        "type": "Transitive",
        "resolved": "10.9.0",
        "contentHash": "jxxGX3bUe0ZZFtkMaigIJG44aGK6toE0EFhQwPYfTGLHw4EgXgceO8+RAdXZakK4BezpeDhR//6cxqmtae0I9Q==",
        "dependencies": {
          "Microsoft.Extensions.Telemetry": "10.9.0"
        }
      },
      "Microsoft.Extensions.Resilience": {
        "type": "Transitive",
        "resolved": "10.9.0",
        "contentHash": "LXMTKZGNzs3fsjKytTVeIEdp+yssJon7PW3VbxERZeqALA2Za/AQzt2h6K64PZ2NzgfFnX4rCJp6aTe+ocX83A==",
        "dependencies": {
          "Microsoft.Extensions.Diagnostics.ExceptionSummarization": "10.9.0",
          "Microsoft.Extensions.Telemetry.Abstractions": "10.9.0",
          "Polly.Extensions": "8.4.2",
          "Polly.RateLimiting": "8.4.2"
        }
      },
      "Microsoft.Extensions.ServiceDiscovery.Abstractions": {
        "type": "Transitive",
        "resolved": "10.9.0",
        "contentHash": "rn+D8DCZN0jlo7exll5QyeX+SXjyBxPsD4jG0ffqANcPBEdpP3bPBChLmCoSsqe62qqta94reBdFgJHciNARZQ=="
      },
      "Microsoft.Extensions.Telemetry": {
        "type": "Transitive",
        "resolved": "10.9.0",
        "contentHash": "RpV3VzPa1YoHqvE2Q4uOuVjioVJhLOhaz4FXIE3XAEvla4qujnM+wFB7QnTAmIJxlg7lbBslkIHJQzpI8yHDQQ==",
        "dependencies": {
          "Microsoft.Extensions.AmbientMetadata.Application": "10.9.0",
          "Microsoft.Extensions.DependencyInjection.AutoActivation": "10.9.0",
          "Microsoft.Extensions.Telemetry.Abstractions": "10.9.0"
        }
      },
      "Microsoft.Extensions.Telemetry.Abstractions": {
        "type": "Transitive",
        "resolved": "10.9.0",
        "contentHash": "rCyM64XvBNi2IY/5noMVsJjt22zVmnI+8tGrb6JnPRW/75Nyv9Hi+7gkxb7zQcR0+2mzS1sAqPXz2PsdHZCqHg==",
        "dependencies": {
          "Microsoft.Extensions.Compliance.Abstractions": "10.9.0"
        }
      },
      "OpenTelemetry": {
        "type": "Transitive",
        "resolved": "1.17.0",
        "contentHash": "rMLOTftlMlTm7+MSrvXDHnJRjVkROFNKXHZrYjOsX+LankaFG7QSflx7qRRGjoqZoirohnxmJQ7GEb9occO4Gg==",
        "dependencies": {
          "OpenTelemetry.Api.ProviderBuilderExtensions": "1.17.0"
        }
      },
      "OpenTelemetry.Api": {
        "type": "Transitive",
        "resolved": "1.17.0",
        "contentHash": "mSBxzomZgHIJu9CyVNqyDu/n2JHEtqVgfcCD1Br0cV5iLYogjZOMqhlVLt99PEp+0KGBNUR3GXgeOdN2GR3F9g=="
      },
      "OpenTelemetry.Api.ProviderBuilderExtensions": {
        "type": "Transitive",
        "resolved": "1.17.0",
        "contentHash": "Xgc3Qf9B9TFMFpx6exTdGqMWuYIT2miNzkdMPutVvT9YuMFaEovXWke1Gb6z8NxYaQbbGF38vYLuSg1JCeui5Q==",
        "dependencies": {
          "OpenTelemetry.Api": "1.17.0"
        }
      },
      "Polly.Core": {
        "type": "Transitive",
        "resolved": "8.4.2",
        "contentHash": "BpE2I6HBYYA5tF0Vn4eoQOGYTYIK1BlF5EXVgkWGn3mqUUjbXAr13J6fZVbp7Q3epRR8yshacBMlsHMhpOiV3g=="
      },
      "Polly.Extensions": {
        "type": "Transitive",
        "resolved": "8.4.2",
        "contentHash": "GZ9vRVmR0jV2JtZavt+pGUsQ1O1cuRKG7R7VOZI6ZDy9y6RNPvRvXK1tuS4ffUrv8L0FTea59oEuQzgS0R7zSA==",
        "dependencies": {
          "Polly.Core": "8.4.2"
        }
      },
      "Polly.RateLimiting": {
        "type": "Transitive",
        "resolved": "8.4.2",
        "contentHash": "ehTImQ/eUyO07VYW2WvwSmU9rRH200SKJ/3jku9rOkyWE0A2JxNFmAVms8dSn49QLSjmjFRRSgfNyOgr/2PSmA==",
        "dependencies": {
          "Polly.Core": "8.4.2"
        }
      },
      "Syncfusion.Blazor.Core": {
        "type": "Transitive",
        "resolved": "34.2.6",
        "contentHash": "vwzWVc6keyVrDM5fMqHPSfR0OxryhAYoheOV4rg2si3oj9HQyLl5F0guia0N14GrTgjtDjFDJNUDmkARThzQRQ==",
        "dependencies": {
          "Syncfusion.Licensing": "34.2.6"
        }
      },
      "Syncfusion.Blazor.Data": {
        "type": "Transitive",
        "resolved": "34.2.6",
        "contentHash": "2XK7BEnLGQz1G8tqGkn5SaMk29d+UGZmzWLauV5Cqu6G70vDVPBGNujSgg1sDEsIcnJAbBGQuupqQT0nxCd52A==",
        "dependencies": {
          "Syncfusion.Blazor.Core": "34.2.6"
        }
      },
      "Syncfusion.Blazor.DataVizCommon": {
        "type": "Transitive",
        "resolved": "34.2.6",
        "contentHash": "DJf48t7GMf0O73Y3bocNLQZUtFgsKhp5UznMLyhSqqqxZWcu2Eu70qdPsRFgpWX1B3INgmHLYmo6f+DI3pzmYQ==",
        "dependencies": {
          "Syncfusion.Blazor.Core": "34.2.6"
        }
      },
      "Syncfusion.Blazor.Lists": {
        "type": "Transitive",
        "resolved": "34.2.6",
        "contentHash": "7LQbYkmJyx7fXCN00S5BOAAlTGyIK43uwOlpVG88TNFY+C0xP6ZzbLQKRImEK4U+eK9IJK09tMSFkp4rriq4oQ==",
        "dependencies": {
          "Syncfusion.Blazor.Buttons": "34.2.6",
          "Syncfusion.Blazor.Core": "34.2.6",
          "Syncfusion.Blazor.Data": "34.2.6"
        }
      },
      "Syncfusion.Blazor.Navigations": {
        "type": "Transitive",
        "resolved": "34.2.6",
        "contentHash": "jTvC8wvp0ssNXETVo3sd2BU1/rEKmWOSEEivyZtDUmcPJEb+Flbkm6ZA0Ee/f10i4WB20KdLnptTS9ww5j9kBA==",
        "dependencies": {
          "Syncfusion.Blazor.Buttons": "34.2.6",
          "Syncfusion.Blazor.Core": "34.2.6",
          "Syncfusion.Blazor.Data": "34.2.6",
          "Syncfusion.Blazor.DropDowns": "34.2.6",
          "Syncfusion.Blazor.Inputs": "34.2.6",
          "Syncfusion.Blazor.Lists": "34.2.6",
          "Syncfusion.Blazor.Popups": "34.2.6",
          "Syncfusion.Blazor.Spinner": "34.2.6"
        }
      },
      "Syncfusion.Blazor.Notifications": {
        "type": "Transitive",
        "resolved": "34.2.6",
        "contentHash": "GIgrvDPR+O/grx2vFkgLfx+d/GKf/kA0+sx+s2JaCOVcvINj7R8S4+C/3PesXLTN5hPwvMASP9shzlu2bYAZmA==",
        "dependencies": {
          "Syncfusion.Blazor.Buttons": "34.2.6",
          "Syncfusion.Blazor.Core": "34.2.6"
        }
      },
      "Syncfusion.Blazor.Spinner": {
        "type": "Transitive",
        "resolved": "34.2.6",
        "contentHash": "LYiTFEq3sWlKbGt1FnqsCIG2pB8jEfhoESutUcxvzZyXceFSzuyc6JP29Xa8H8Ch26hwtSgbzsNE5sRT7xmYiQ==",
        "dependencies": {
          "Syncfusion.Blazor.Core": "34.2.6"
        }
      },
      "Syncfusion.ExcelExport.Net.Core": {
        "type": "Transitive",
        "resolved": "34.2.6",
        "contentHash": "NAEUy7v06X1+D9lxvu/UAjrLBV/RSqIk0hIP+DmSbAGoDnMcUTM1ZmjLHu62/sWLTQkMedKZ/SjAKVC9Dji6CQ=="
      },
      "Syncfusion.Licensing": {
        "type": "Transitive",
        "resolved": "34.2.6",
        "contentHash": "8fxwxyTfao+O1VJwrTDn1PvPSWnPAQUK1FGuQGVKw4H0LJka3Qzg6zNOoc5jtldfCi7nwOn/vCmU47UG2x6Emw=="
      },
      "Syncfusion.PdfExport.Net.Core": {
        "type": "Transitive",
        "resolved": "34.2.6",
        "contentHash": "nLBTyJOjHfEeBNnR0DUgQBw+yaeonGP1knNVZ/MTlV1uYGiLzuuTZBjrKXlqQgbwbOehSHVRf97l40tRfMijVg=="
      },
      "Syncfusion.Telemetry": {
        "type": "Transitive",
        "resolved": "34.2.6",
        "contentHash": "hiCndmWPyibvIb84hr0IfWoRvWzZRh8EXS4Cx9Qgxjs0R2g9o6tmos+pUpQZiBBsvQPgWThAeLnJDL5P+06dsQ=="
      },
      "hr.servicedefaults": {
        "type": "Project",
        "dependencies": {
          "HR.SharedKernel": "[0.1.0-dev, )",
          "Microsoft.Extensions.Http.Resilience": "[10.9.0, )",
          "Microsoft.Extensions.ServiceDiscovery": "[10.9.0, )",
          "OpenTelemetry.Exporter.OpenTelemetryProtocol": "[1.17.0, )",
          "OpenTelemetry.Extensions.Hosting": "[1.17.0, )",
          "OpenTelemetry.Instrumentation.AspNetCore": "[1.17.0, )",
          "OpenTelemetry.Instrumentation.Http": "[1.17.0, )",
          "OpenTelemetry.Instrumentation.Runtime": "[1.17.0, )"
        }
      },
      "hr.sharedkernel": {
        "type": "Project",
        "dependencies": {
          "FluentValidation": "[12.1.1, )",
          "Microsoft.EntityFrameworkCore": "[10.0.11, )"
        }
      },
      "FluentValidation": {
        "type": "CentralTransitive",
        "requested": "[12.1.1, )",
        "resolved": "12.1.1",
        "contentHash": "EPpkIe1yh1a0OXyC100oOA8WMbZvqUu5plwhvYcb7oSELfyUZzfxV48BLhvs3kKo4NwG7MGLNgy1RJiYtT8Dpw=="
      },
      "Microsoft.EntityFrameworkCore": {
        "type": "CentralTransitive",
        "requested": "[10.0.11, )",
        "resolved": "10.0.11",
        "contentHash": "VOSGU8en6HZJs8t7UMFN+9vGcRgVOOn6fA44Ngcg2NyvJ3P1KE94iAb0XzaVaGhXGtt+qaM/VtEn0/hzluQJeg==",
        "dependencies": {
          "Microsoft.EntityFrameworkCore.Abstractions": "10.0.11",
          "Microsoft.EntityFrameworkCore.Analyzers": "10.0.11"
        }
      },
      "Microsoft.Extensions.Http.Resilience": {
        "type": "CentralTransitive",
        "requested": "[10.9.0, )",
        "resolved": "10.9.0",
        "contentHash": "loWrGc0mZt6N91IV+PZQeNU4uvb2vHdKgU9pUo8i2SGix9edTNCVhwzBp3gWJeaXeoPMph6F9xXcXF4W2ePpRg==",
        "dependencies": {
          "Microsoft.Extensions.Http.Diagnostics": "10.9.0",
          "Microsoft.Extensions.Resilience": "10.9.0"
        }
      },
      "Microsoft.Extensions.ServiceDiscovery": {
        "type": "CentralTransitive",
        "requested": "[10.9.0, )",
        "resolved": "10.9.0",
        "contentHash": "mg982FgqvhLI/KGIpIqpx3SEyEbV6ZQUlAo6woNbj3kcqMa5pfCp2Cx/mxxXNqQrl5qbikPBhxGxtoXlFTzh0A==",
        "dependencies": {
          "Microsoft.Extensions.ServiceDiscovery.Abstractions": "10.9.0"
        }
      },
      "OpenTelemetry.Exporter.OpenTelemetryProtocol": {
        "type": "CentralTransitive",
        "requested": "[1.17.0, )",
        "resolved": "1.17.0",
        "contentHash": "R1omQOrQpGlS0Cp5UIr/TAiuEA48JrPlgr1NPV5gESiTU7HhWU+ILe2EBSYb1fKdsSavZ7nZkHcUxAzofPqr2A==",
        "dependencies": {
          "OpenTelemetry": "1.17.0"
        }
      },
      "OpenTelemetry.Extensions.Hosting": {
        "type": "CentralTransitive",
        "requested": "[1.17.0, )",
        "resolved": "1.17.0",
        "contentHash": "t1OwL/4qgboGMobYVT+UV5zgWnFqCp4Pw8lcsmzh8m2K8PQsTKkyxrC32tqYTMYny3GOW4q5cltE3dTVzLmRew==",
        "dependencies": {
          "OpenTelemetry": "1.17.0"
        }
      },
      "OpenTelemetry.Instrumentation.AspNetCore": {
        "type": "CentralTransitive",
        "requested": "[1.17.0, )",
        "resolved": "1.17.0",
        "contentHash": "rGbmk1vuy1kvgZmE0ps7Vb99YZvDap6AalrrF60FwnNit1uW/PbeFZj1cpb0T8MPkYmjhBrRJ1/JB6QqXkRjHA==",
        "dependencies": {
          "OpenTelemetry.Api.ProviderBuilderExtensions": "[1.17.0, 2.0.0)"
        }
      },
      "OpenTelemetry.Instrumentation.Http": {
        "type": "CentralTransitive",
        "requested": "[1.17.0, )",
        "resolved": "1.17.0",
        "contentHash": "uTwVtxIJ/xB96wGYTaDsbkJVeCFdUxTwvrlDUn2YJixy0UuKc8DvQMzwKNJMTzNFiiyYO9c40id6tUHTmWs33A==",
        "dependencies": {
          "OpenTelemetry.Api.ProviderBuilderExtensions": "[1.17.0, 2.0.0)"
        }
      },
      "OpenTelemetry.Instrumentation.Runtime": {
        "type": "CentralTransitive",
        "requested": "[1.17.0, )",
        "resolved": "1.17.0",
        "contentHash": "HyYenisDn/xdtyVXdjImsCl+RNC2gq01N0rvSR7tsYAylXR2sxX/YgMsyTajMXA27+r1vB7lNU8cWRhV0fwL+Q==",
        "dependencies": {
          "OpenTelemetry.Api": "[1.17.0, 2.0.0)"
        }
      },
      "Syncfusion.Blazor.DropDowns": {
        "type": "CentralTransitive",
        "requested": "[34.2.6, )",
        "resolved": "34.2.6",
        "contentHash": "bvNI/W72x8KoZzQ/ykwFSusMYWrn+r8X+6C0AnqSuT5Azrdh7SRwSx2tskp9ce7NjztsrBkExLiS1fjVw7s+Ww==",
        "dependencies": {
          "Syncfusion.Blazor.Buttons": "34.2.6",
          "Syncfusion.Blazor.Core": "34.2.6",
          "Syncfusion.Blazor.Data": "34.2.6",
          "Syncfusion.Blazor.Inputs": "34.2.6",
          "Syncfusion.Blazor.Notifications": "34.2.6",
          "Syncfusion.Blazor.Spinner": "34.2.6"
        }
      },
      "Syncfusion.Blazor.SplitButtons": {
        "type": "CentralTransitive",
        "requested": "[34.2.6, )",
        "resolved": "34.2.6",
        "contentHash": "VLw/YjFPINF0/kP3BlMmFl3m36y24FRmZiCfspl28N5Yy68OqORUlwmsyUUF1zaWvL9pHBabukiUME3WBKTToQ==",
        "dependencies": {
          "Syncfusion.Blazor.Buttons": "34.2.6",
          "Syncfusion.Blazor.Core": "34.2.6",
          "Syncfusion.Blazor.Popups": "34.2.6",
          "Syncfusion.Blazor.Spinner": "34.2.6"
        }
      }
    }
  }
}