{
  "version": 2,
  "dependencies": {
    "net10.0": {
      "Microsoft.AspNetCore.App.Internal.Assets": {
        "type": "Direct",
        "requested": "[10.0.11, )",
        "resolved": "10.0.11",
        "contentHash": "tYYYBZsuF2DSz1I3hcfB8qC4nNekIKufkYZOJ2R28fNK3PkS7fJao/mIX5H84NH94UACZQ4dhvt8GDlkrJFwLg=="
      },
      "Newtonsoft.Json": {
        "type": "Direct",
        "requested": "[13.0.3, )",
        "resolved": "13.0.3",
        "contentHash": "HrC5BXdl00IP9zeV+0Z848QWPAoCr9P3bDEZguI+gkLcBKAOxix/tLEAAHC+UvDNPv4a2d18lOReHMOagPa+zQ=="
      },
      "Syncfusion.Blazor.Buttons": {
        "type": "Direct",
        "requested": "[34.2.5, )",
        "resolved": "34.2.5",
        "contentHash": "Wc6xHfeBg/iItSt0KXr+fRQe4ayR3DjTR0tyYarMVWZaHwYV/1ief9/+pqd1RH76WA/5/vhC+sLJCBRUBQkawg==",
        "dependencies": {
          "Syncfusion.Blazor.Core": "34.2.5"
        }
      },
      "Syncfusion.Blazor.Calendars": {
        "type": "Direct",
        "requested": "[34.2.5, )",
        "resolved": "34.2.5",
        "contentHash": "Dh2ixEViPTG43uMY0tDTmWYVlCkJCN/ZqeKPhu405Q5i4DKZ33QEEAdOX6vNp5QJ0rornsnLZurJxkVAoLoDuQ==",
        "dependencies": {
          "Syncfusion.Blazor.Buttons": "34.2.5",
          "Syncfusion.Blazor.Core": "34.2.5",
          "Syncfusion.Blazor.Inputs": "34.2.5",
          "Syncfusion.Blazor.Lists": "34.2.5"
        }
      },
      "Syncfusion.Blazor.Charts": {
        "type": "Direct",
        "requested": "[34.2.5, )",
        "resolved": "34.2.5",
        "contentHash": "Ye9ajrJPxEQzY2YSyUORaCCngcy2WwX5mn7gYHpY5rPI1WyGnVCJneOHbI6AmjswSaoQcvWBRBAx2WJcRE0zag==",
        "dependencies": {
          "Syncfusion.Blazor.Core": "34.2.5",
          "Syncfusion.Blazor.Data": "34.2.5",
          "Syncfusion.Blazor.DataVizCommon": "34.2.5",
          "Syncfusion.ExcelExport.Net.Core": "34.2.5",
          "Syncfusion.PdfExport.Net.Core": "34.2.5",
          "Syncfusion.Telemetry": "34.2.5"
        }
      },
      "Syncfusion.Blazor.Grid": {
        "type": "Direct",
        "requested": "[34.2.5, )",
        "resolved": "34.2.5",
        "contentHash": "YpqCUgFKolpFlu4i76q3xYqx9ZXi/gPc+nOrcLKrjh6n1LZPpicUGLlMLShAyCyGkIplRJO9nzKCyojwSjt2Lg==",
        "dependencies": {
          "Syncfusion.Blazor.Buttons": "34.2.5",
          "Syncfusion.Blazor.Calendars": "34.2.5",
          "Syncfusion.Blazor.Core": "34.2.5",
          "Syncfusion.Blazor.Data": "34.2.5",
          "Syncfusion.Blazor.DropDowns": "34.2.5",
          "Syncfusion.Blazor.Inputs": "34.2.5",
          "Syncfusion.Blazor.Navigations": "34.2.5",
          "Syncfusion.Blazor.Popups": "34.2.5",
          "Syncfusion.Blazor.Spinner": "34.2.5",
          "Syncfusion.ExcelExport.Net.Core": "34.2.5",
          "Syncfusion.PdfExport.Net.Core": "34.2.5",
          "Syncfusion.Telemetry": "34.2.5"
        }
      },
      "Syncfusion.Blazor.Inputs": {
        "type": "Direct",
        "requested": "[34.2.5, )",
        "resolved": "34.2.5",
        "contentHash": "7gxWq9E1F4icN0xM8Uh7siryaO+VbgxZKi2yQIeeTl28KEVMSEVyK+NDlNhXu3OaW+RZrqq8hPi5inXomN7UjQ==",
        "dependencies": {
          "Syncfusion.Blazor.Buttons": "34.2.5",
          "Syncfusion.Blazor.Core": "34.2.5",
          "Syncfusion.Blazor.Data": "34.2.5",
          "Syncfusion.Blazor.Popups": "34.2.5",
          "Syncfusion.Blazor.Spinner": "34.2.5",
          "Syncfusion.Blazor.SplitButtons": "34.2.5"
        }
      },
      "Syncfusion.Blazor.Popups": {
        "type": "Direct",
        "requested": "[34.2.5, )",
        "resolved": "34.2.5",
        "contentHash": "Zwt7Vh6LPtsP2muRM1Pa5ddUxuCEe3E5gSgwYWpV/qLPVHqyUvQe/FOR98hzVw6633Lt42mtuxNRZN41Ux3jpQ==",
        "dependencies": {
          "Syncfusion.Blazor.Buttons": "34.2.5",
          "Syncfusion.Blazor.Core": "34.2.5"
        }
      },
      "Syncfusion.Blazor.Themes": {
        "type": "Direct",
        "requested": "[34.2.5, )",
        "resolved": "34.2.5",
        "contentHash": "9t6oBiVERjhru80IiE/dkGkBaCYySQwiV+MmAZ9DFTPpZn7wfASd5wObywBvPZxend4JWmpuQ+G08RsiIZMdSw=="
      },
      "Microsoft.Extensions.AmbientMetadata.Application": {
        "type": "Transitive",
        "resolved": "10.9.0",
        "contentHash": "BX45SeAjP6sz9Djg6Gm0/IruBuWkyUKxtr4pn9sLAuprnuRn+VBPZVH2XxpzbaT7cVCPim3+Dkijl6yhLHjBOw=="
      },
      "Microsoft.Extensions.Compliance.Abstractions": {
        "type": "Transitive",
        "resolved": "10.9.0",
        "contentHash": "tuSqNuiJxlln43sZ8c1EDA4WXit1eX4foGadylXso3DnMVc+DtKfaNEwvHuiFXfPsEUZ6Z3GnF0Bfk9vvOsE4Q=="
      },
      "Microsoft.Extensions.DependencyInjection.AutoActivation": {
        "type": "Transitive",
        "resolved": "10.9.0",
        "contentHash": "hO/IpudHBl+EMXm1Ag8+7ersCN7VuiR6ech1+cVk8I+o7ssPRKdTozIAO4HGPt49G/lY6lo7G2kY5Q00biMHew=="
      },
      "Microsoft.Extensions.Diagnostics.ExceptionSummarization": {
        "type": "Transitive",
        "resolved": "10.9.0",
        "contentHash": "Cyp36W6/XHD6sSDnbc6Ss7M+qOcjrer400Dx4Tfkb5OHcKV6bp9uMqZ4Y8PAoSwTfS8a/3lB9xCF+CLf0JGUig=="
      },
      "Microsoft.Extensions.Http.Diagnostics": {
        "type": "Transitive",
        "resolved": "10.9.0",
        "contentHash": "jxxGX3bUe0ZZFtkMaigIJG44aGK6toE0EFhQwPYfTGLHw4EgXgceO8+RAdXZakK4BezpeDhR//6cxqmtae0I9Q==",
        "dependencies": {
          "Microsoft.Extensions.Telemetry": "10.9.0"
        }
      },
      "Microsoft.Extensions.Resilience": {
        "type": "Transitive",
        "resolved": "10.9.0",
        "contentHash": "LXMTKZGNzs3fsjKytTVeIEdp+yssJon7PW3VbxERZeqALA2Za/AQzt2h6K64PZ2NzgfFnX4rCJp6aTe+ocX83A==",
        "dependencies": {
          "Microsoft.Extensions.Diagnostics.ExceptionSummarization": "10.9.0",
          "Microsoft.Extensions.Telemetry.Abstractions": "10.9.0",
          "Polly.Extensions": "8.4.2",
          "Polly.RateLimiting": "8.4.2"
        }
      },
      "Microsoft.Extensions.ServiceDiscovery.Abstractions": {
        "type": "Transitive",
        "resolved": "10.9.0",
        "contentHash": "rn+D8DCZN0jlo7exll5QyeX+SXjyBxPsD4jG0ffqANcPBEdpP3bPBChLmCoSsqe62qqta94reBdFgJHciNARZQ=="
      },
      "Microsoft.Extensions.Telemetry": {
        "type": "Transitive",
        "resolved": "10.9.0",
        "contentHash": "RpV3VzPa1YoHqvE2Q4uOuVjioVJhLOhaz4FXIE3XAEvla4qujnM+wFB7QnTAmIJxlg7lbBslkIHJQzpI8yHDQQ==",
        "dependencies": {
          "Microsoft.Extensions.AmbientMetadata.Application": "10.9.0",
          "Microsoft.Extensions.DependencyInjection.AutoActivation": "10.9.0",
          "Microsoft.Extensions.Telemetry.Abstractions": "10.9.0"
        }
      },
      "Microsoft.Extensions.Telemetry.Abstractions": {
        "type": "Transitive",
        "resolved": "10.9.0",
        "contentHash": "rCyM64XvBNi2IY/5noMVsJjt22zVmnI+8tGrb6JnPRW/75Nyv9Hi+7gkxb7zQcR0+2mzS1sAqPXz2PsdHZCqHg==",
        "dependencies": {
          "Microsoft.Extensions.Compliance.Abstractions": "10.9.0"
        }
      },
      "OpenTelemetry": {
        "type": "Transitive",
        "resolved": "1.17.0",
        "contentHash": "rMLOTftlMlTm7+MSrvXDHnJRjVkROFNKXHZrYjOsX+LankaFG7QSflx7qRRGjoqZoirohnxmJQ7GEb9occO4Gg==",
        "dependencies": {
          "OpenTelemetry.Api.ProviderBuilderExtensions": "1.17.0"
        }
      },
      "OpenTelemetry.Api": {
        "type": "Transitive",
        "resolved": "1.17.0",
        "contentHash": "mSBxzomZgHIJu9CyVNqyDu/n2JHEtqVgfcCD1Br0cV5iLYogjZOMqhlVLt99PEp+0KGBNUR3GXgeOdN2GR3F9g=="
      },
      "OpenTelemetry.Api.ProviderBuilderExtensions": {
        "type": "Transitive",
        "resolved": "1.17.0",
        "contentHash": "Xgc3Qf9B9TFMFpx6exTdGqMWuYIT2miNzkdMPutVvT9YuMFaEovXWke1Gb6z8NxYaQbbGF38vYLuSg1JCeui5Q==",
        "dependencies": {
          "OpenTelemetry.Api": "1.17.0"
        }
      },
      "Polly.Core": {
        "type": "Transitive",
        "resolved": "8.4.2",
        "contentHash": "BpE2I6HBYYA5tF0Vn4eoQOGYTYIK1BlF5EXVgkWGn3mqUUjbXAr13J6fZVbp7Q3epRR8yshacBMlsHMhpOiV3g=="
      },
      "Polly.Extensions": {
        "type": "Transitive",
        "resolved": "8.4.2",
        "contentHash": "GZ9vRVmR0jV2JtZavt+pGUsQ1O1cuRKG7R7VOZI6ZDy9y6RNPvRvXK1tuS4ffUrv8L0FTea59oEuQzgS0R7zSA==",
        "dependencies": {
          "Polly.Core": "8.4.2"
        }
      },
      "Polly.RateLimiting": {
        "type": "Transitive",
        "resolved": "8.4.2",
        "contentHash": "ehTImQ/eUyO07VYW2WvwSmU9rRH200SKJ/3jku9rOkyWE0A2JxNFmAVms8dSn49QLSjmjFRRSgfNyOgr/2PSmA==",
        "dependencies": {
          "Polly.Core": "8.4.2"
        }
      },
      "Syncfusion.Blazor.Core": {
        "type": "Transitive",
        "resolved": "34.2.5",
        "contentHash": "gWGTO7R6F4ItvKIzCOw0xNPAwZ5WMZAAjkXEn/2fJkE5SNjP5v3yJs8cgvknCCu2CnrK25U16bTpSLva3h4tVg==",
        "dependencies": {
          "Syncfusion.Licensing": "34.2.5"
        }
      },
      "Syncfusion.Blazor.Data": {
        "type": "Transitive",
        "resolved": "34.2.5",
        "contentHash": "r6mkSIDLTPKWA/RjI2+aTHgOq8EEpsW1YUEAcOuWsBho3ltS6HxvudU1/XCcS+U/sJzRY44HMBvqoNADZvy8qA==",
        "dependencies": {
          "Syncfusion.Blazor.Core": "34.2.5"
        }
      },
      "Syncfusion.Blazor.DataVizCommon": {
        "type": "Transitive",
        "resolved": "34.2.5",
        "contentHash": "QliGY+BtoxvjOY5n39eCqynWSKQSHXhChjFyAsWfrTwi6ebKHU9HtNetliuXiZ/1YXPYzwfMhhvJctS8tQkapg==",
        "dependencies": {
          "Syncfusion.Blazor.Core": "34.2.5"
        }
      },
      "Syncfusion.Blazor.Lists": {
        "type": "Transitive",
        "resolved": "34.2.5",
        "contentHash": "+Tv4qJqcNPFaL2JsftkfaxG8j95RtQjfgvEJp7Hv9bZg0Dyfbt0QUPJTqienEN7OoKh2SHDBmHZejlxEsPN1/g==",
        "dependencies": {
          "Syncfusion.Blazor.Buttons": "34.2.5",
          "Syncfusion.Blazor.Core": "34.2.5",
          "Syncfusion.Blazor.Data": "34.2.5"
        }
      },
      "Syncfusion.Blazor.Navigations": {
        "type": "Transitive",
        "resolved": "34.2.5",
        "contentHash": "Q3ywXSGAcjYqFRLZCuJqqxuiGHh267D/SnqQkXpGx5WJy/rEfcE4MLr17VilZ6KOvsX9MW1mI6SIMn/mCuTtpA==",
        "dependencies": {
          "Syncfusion.Blazor.Buttons": "34.2.5",
          "Syncfusion.Blazor.Core": "34.2.5",
          "Syncfusion.Blazor.Data": "34.2.5",
          "Syncfusion.Blazor.DropDowns": "34.2.5",
          "Syncfusion.Blazor.Inputs": "34.2.5",
          "Syncfusion.Blazor.Lists": "34.2.5",
          "Syncfusion.Blazor.Popups": "34.2.5",
          "Syncfusion.Blazor.Spinner": "34.2.5"
        }
      },
      "Syncfusion.Blazor.Notifications": {
        "type": "Transitive",
        "resolved": "34.2.5",
        "contentHash": "q9Ml6oBiGTenWw562V7PZhiSSpdTcEDmszP5Js9i6tw34gztAhkK2DoYqODVVORV8GArkdLUt2BSABgIOs52pQ==",
        "dependencies": {
          "Syncfusion.Blazor.Buttons": "34.2.5",
          "Syncfusion.Blazor.Core": "34.2.5"
        }
      },
      "Syncfusion.Blazor.Spinner": {
        "type": "Transitive",
        "resolved": "34.2.5",
        "contentHash": "T1Ps2YuMwcuxFHVQN2tkKKoyuFGPM42ImM/iJfQ+gbbgvBSrpoDU81f9z+ModIisVDH9+pfbuJzTvwXf3V0MbQ==",
        "dependencies": {
          "Syncfusion.Blazor.Core": "34.2.5"
        }
      },
      "Syncfusion.ExcelExport.Net.Core": {
        "type": "Transitive",
        "resolved": "34.2.5",
        "contentHash": "d5sGaodBXc60FqRJm9FjYIMq2ge0KbPWBHC9K6WxPIwvg3MXNzKS6eOspIL6aMnaSV5x1taKrZkJF72NRumP7w=="
      },
      "Syncfusion.Licensing": {
        "type": "Transitive",
        "resolved": "34.2.5",
        "contentHash": "3osUk07k4SOADzZdxQAa8J22yH+QawlvXRRenOAZgE/nFcI97d7fvccailLwnvdHU1qJyD8inFudgV66zyjPrQ=="
      },
      "Syncfusion.PdfExport.Net.Core": {
        "type": "Transitive",
        "resolved": "34.2.5",
        "contentHash": "nhJXveofbws5VlPOg9KhT2sFdSCbRnMX+NXHlOMKlnCzw3yhD+XirvMQj8qZSMkQvtfgsaT5IfTewG1qYm9cYA=="
      },
      "Syncfusion.Telemetry": {
        "type": "Transitive",
        "resolved": "34.2.5",
        "contentHash": "9Dshcjwgik3R55iF02qdjFXcdrtDiAtVurdRXhizkb2/S7uXuk2qInbIb5Rq3++NWEHhD0Z8exXKQZj67384vw=="
      },
      "hr.servicedefaults": {
        "type": "Project",
        "dependencies": {
          "HR.SharedKernel": "[0.1.0-dev, )",
          "Microsoft.Extensions.Http.Resilience": "[10.9.0, )",
          "Microsoft.Extensions.ServiceDiscovery": "[10.9.0, )",
          "OpenTelemetry.Exporter.OpenTelemetryProtocol": "[1.17.0, )",
          "OpenTelemetry.Extensions.Hosting": "[1.17.0, )",
          "OpenTelemetry.Instrumentation.AspNetCore": "[1.17.0, )",
          "OpenTelemetry.Instrumentation.Http": "[1.17.0, )",
          "OpenTelemetry.Instrumentation.Runtime": "[1.17.0, )"
        }
      },
      "hr.sharedkernel": {
        "type": "Project"
      },
      "Microsoft.Extensions.Http.Resilience": {
        "type": "CentralTransitive",
        "requested": "[10.9.0, )",
        "resolved": "10.9.0",
        "contentHash": "loWrGc0mZt6N91IV+PZQeNU4uvb2vHdKgU9pUo8i2SGix9edTNCVhwzBp3gWJeaXeoPMph6F9xXcXF4W2ePpRg==",
        "dependencies": {
          "Microsoft.Extensions.Http.Diagnostics": "10.9.0",
          "Microsoft.Extensions.Resilience": "10.9.0"
        }
      },
      "Microsoft.Extensions.ServiceDiscovery": {
        "type": "CentralTransitive",
        "requested": "[10.9.0, )",
        "resolved": "10.9.0",
        "contentHash": "mg982FgqvhLI/KGIpIqpx3SEyEbV6ZQUlAo6woNbj3kcqMa5pfCp2Cx/mxxXNqQrl5qbikPBhxGxtoXlFTzh0A==",
        "dependencies": {
          "Microsoft.Extensions.ServiceDiscovery.Abstractions": "10.9.0"
        }
      },
      "OpenTelemetry.Exporter.OpenTelemetryProtocol": {
        "type": "CentralTransitive",
        "requested": "[1.17.0, )",
        "resolved": "1.17.0",
        "contentHash": "R1omQOrQpGlS0Cp5UIr/TAiuEA48JrPlgr1NPV5gESiTU7HhWU+ILe2EBSYb1fKdsSavZ7nZkHcUxAzofPqr2A==",
        "dependencies": {
          "OpenTelemetry": "1.17.0"
        }
      },
      "OpenTelemetry.Extensions.Hosting": {
        "type": "CentralTransitive",
        "requested": "[1.17.0, )",
        "resolved": "1.17.0",
        "contentHash": "t1OwL/4qgboGMobYVT+UV5zgWnFqCp4Pw8lcsmzh8m2K8PQsTKkyxrC32tqYTMYny3GOW4q5cltE3dTVzLmRew==",
        "dependencies": {
          "OpenTelemetry": "1.17.0"
        }
      },
      "OpenTelemetry.Instrumentation.AspNetCore": {
        "type": "CentralTransitive",
        "requested": "[1.17.0, )",
        "resolved": "1.17.0",
        "contentHash": "rGbmk1vuy1kvgZmE0ps7Vb99YZvDap6AalrrF60FwnNit1uW/PbeFZj1cpb0T8MPkYmjhBrRJ1/JB6QqXkRjHA==",
        "dependencies": {
          "OpenTelemetry.Api.ProviderBuilderExtensions": "[1.17.0, 2.0.0)"
        }
      },
      "OpenTelemetry.Instrumentation.Http": {
        "type": "CentralTransitive",
        "requested": "[1.17.0, )",
        "resolved": "1.17.0",
        "contentHash": "uTwVtxIJ/xB96wGYTaDsbkJVeCFdUxTwvrlDUn2YJixy0UuKc8DvQMzwKNJMTzNFiiyYO9c40id6tUHTmWs33A==",
        "dependencies": {
          "OpenTelemetry.Api.ProviderBuilderExtensions": "[1.17.0, 2.0.0)"
        }
      },
      "OpenTelemetry.Instrumentation.Runtime": {
        "type": "CentralTransitive",
        "requested": "[1.17.0, )",
        "resolved": "1.17.0",
        "contentHash": "HyYenisDn/xdtyVXdjImsCl+RNC2gq01N0rvSR7tsYAylXR2sxX/YgMsyTajMXA27+r1vB7lNU8cWRhV0fwL+Q==",
        "dependencies": {
          "OpenTelemetry.Api": "[1.17.0, 2.0.0)"
        }
      },
      "Syncfusion.Blazor.DropDowns": {
        "type": "CentralTransitive",
        "requested": "[34.2.5, )",
        "resolved": "34.2.5",
        "contentHash": "LkqCG+eeMKMgFNTnlIxAtRUAnwABSMpSviDbimLY33SHmOS6YCPU1od8MstmLu2V9MKI5AXWCftevxNTv3jY2Q==",
        "dependencies": {
          "Syncfusion.Blazor.Buttons": "34.2.5",
          "Syncfusion.Blazor.Core": "34.2.5",
          "Syncfusion.Blazor.Data": "34.2.5",
          "Syncfusion.Blazor.Inputs": "34.2.5",
          "Syncfusion.Blazor.Notifications": "34.2.5",
          "Syncfusion.Blazor.Spinner": "34.2.5"
        }
      },
      "Syncfusion.Blazor.SplitButtons": {
        "type": "CentralTransitive",
        "requested": "[34.2.5, )",
        "resolved": "34.2.5",
        "contentHash": "gaR9xzazs6640Uf5hdEYhoOmmp+CHImyQ/TqBQcHvAy5jkW5pWB9lm3lubYYZMCiE9vtGdBPivJXcMya3hkLFw==",
        "dependencies": {
          "Syncfusion.Blazor.Buttons": "34.2.5",
          "Syncfusion.Blazor.Core": "34.2.5",
          "Syncfusion.Blazor.Popups": "34.2.5",
          "Syncfusion.Blazor.Spinner": "34.2.5"
        }
      }
    }
  }
}