<Solution>
  <Folder Name="/src/">
    <Project Path="src/HR.Admin.Web/HR.Admin.Web.csproj" />
    <Project Path="src/HR.Api/HR.Api.csproj" />
    <Project Path="src/HR.AppHost/HR.AppHost.csproj" />
    <Project Path="src/HR.Marketing/HR.Marketing.csproj" />
    <Project Path="src/HR.ServiceDefaults/HR.ServiceDefaults.csproj" />
    <Project Path="src/HR.Web/HR.Web.csproj" />
  </Folder>
  <Folder Name="/src/Infrastructure/">
    <Project Path="src/Infrastructure/HR.Infrastructure/HR.Infrastructure.csproj" />
    <Project Path="src/Infrastructure/HR.Infrastructure.Abstractions/HR.Infrastructure.Abstractions.csproj" />
  </Folder>
  <Folder Name="/src/Modules/">
    <Project Path="src/Modules/HR.Modules.Companies/HR.Modules.Companies.csproj" />
    <Project Path="src/Modules/HR.Modules.Companies.Contracts/HR.Modules.Companies.Contracts.csproj" />
    <Project Path="src/Modules/HR.Modules.CompanyOnboarding/HR.Modules.CompanyOnboarding.csproj" />
    <Project Path="src/Modules/HR.Modules.DataImport/HR.Modules.DataImport.csproj" />
    <Project Path="src/Modules/HR.Modules.Documents/HR.Modules.Documents.csproj" />
    <Project Path="src/Modules/HR.Modules.Employees/HR.Modules.Employees.csproj" />
    <Project Path="src/Modules/HR.Modules.Employees.Contracts/HR.Modules.Employees.Contracts.csproj" />
    <Project Path="src/Modules/HR.Modules.Identity/HR.Modules.Identity.csproj" />
    <Project Path="src/Modules/HR.Modules.Leave/HR.Modules.Leave.csproj" />
    <Project Path="src/Modules/HR.Modules.Notifications/HR.Modules.Notifications.csproj" />
    <Project Path="src/Modules/HR.Modules.Onboarding/HR.Modules.Onboarding.csproj" />
    <Project Path="src/Modules/HR.Modules.Offboarding/HR.Modules.Offboarding.csproj" />
    <Project Path="src/Modules/HR.Modules.Probation/HR.Modules.Probation.csproj" />
    <Project Path="src/Modules/HR.Modules.Recruitment/HR.Modules.Recruitment.csproj" />
    <Project Path="src/Modules/HR.Modules.Reporting/HR.Modules.Reporting.csproj" />
    <Project Path="src/Modules/HR.Modules.Assets/HR.Modules.Assets.csproj" />
    <Project Path="src/Modules/HR.Modules.Sickness/HR.Modules.Sickness.csproj" />
    <Project Path="src/Modules/HR.Modules.Support/HR.Modules.Support.csproj" />
    <Project Path="src/Modules/HR.Modules.Tasks/HR.Modules.Tasks.csproj" />
    <Project Path="src/Modules/HR.Modules.Tasks.Contracts/HR.Modules.Tasks.Contracts.csproj" />
  </Folder>
  <Folder Name="/src/Shared/">
    <Project Path="src/Shared/HR.SharedKernel/HR.SharedKernel.csproj" />
  </Folder>
  <Folder Name="/tests/">
    <Project Path="tests/HR.Architecture.Tests/HR.Architecture.Tests.csproj" />
    <Project Path="tests/HR.Marketing.Tests/HR.Marketing.Tests.csproj" />
    <Project Path="tests/HR.SharedKernel.Tests/HR.SharedKernel.Tests.csproj" />
    <Project Path="tests/HR.Web.E2E.Tests/HR.Web.E2E.Tests.csproj" />
     <Project Path="tests/HR.Modules.Companies.Tests/HR.Modules.Companies.Tests.csproj" />
    <Project Path="tests/HR.Modules.CompanyOnboarding.Tests/HR.Modules.CompanyOnboarding.Tests.csproj" />
      <Project Path="tests/HR.Integration.Tests/HR.Integration.Tests.csproj" />
    <Project Path="tests/HR.Infrastructure.Tests/HR.Infrastructure.Tests.csproj" />
    <Project Path="tests/HR.Modules.DataImport.Tests/HR.Modules.DataImport.Tests.csproj" />
    <Project Path="tests/HR.Modules.Documents.Tests/HR.Modules.Documents.Tests.csproj" />
    <Project Path="tests/HR.Modules.Employees.Tests/HR.Modules.Employees.Tests.csproj" />
    <Project Path="tests/HR.Modules.Identity.Tests/HR.Modules.Identity.Tests.csproj" />
    <Project Path="tests/HR.Modules.Leave.Tests/HR.Modules.Leave.Tests.csproj" />
    <Project Path="tests/HR.Modules.Notifications.Tests/HR.Modules.Notifications.Tests.csproj" />
    <Project Path="tests/HR.Modules.Onboarding.Tests/HR.Modules.Onboarding.Tests.csproj" />
    <Project Path="tests/HR.Modules.Offboarding.Tests/HR.Modules.Offboarding.Tests.csproj" />
    <Project Path="tests/HR.Modules.Probation.Tests/HR.Modules.Probation.Tests.csproj" />
    <Project Path="tests/HR.Modules.Recruitment.Tests/HR.Modules.Recruitment.Tests.csproj" />
    <Project Path="tests/HR.Modules.Assets.Tests/HR.Modules.Assets.Tests.csproj" />
    <Project Path="tests/HR.Modules.Reporting.Tests/HR.Modules.Reporting.Tests.csproj" />
    <Project Path="tests/HR.Modules.Sickness.Tests/HR.Modules.Sickness.Tests.csproj" />
    <Project Path="tests/HR.Modules.Support.Tests/HR.Modules.Support.Tests.csproj" />
    <Project Path="tests/HR.Modules.Tasks.Tests/HR.Modules.Tasks.Tests.csproj" />
    <Project Path="tests/HR.Web.Tests/HR.Web.Tests.csproj" />
  </Folder>
</Solution>
