<Solution>
  <Folder Name="/src/">
    <Project Path="src/HR.Api/HR.Api.csproj" />
    <Project Path="src/HR.AppHost/HR.AppHost.csproj" />
    <Project Path="src/HR.ServiceDefaults/HR.ServiceDefaults.csproj" />
    <Project Path="src/HR.Web/HR.Web.csproj" />
  </Folder>
  <Folder Name="/src/Infrastructure/">
    <Project Path="src/Infrastructure/HR.Infrastructure/HR.Infrastructure.csproj" />
  </Folder>
  <Folder Name="/src/Modules/">
    <Project Path="src/Modules/HR.Modules.Companies/HR.Modules.Companies.csproj" />
    <Project Path="src/Modules/HR.Modules.Documents/HR.Modules.Documents.csproj" />
    <Project Path="src/Modules/HR.Modules.Employees/HR.Modules.Employees.csproj" />
    <Project Path="src/Modules/HR.Modules.Identity/HR.Modules.Identity.csproj" />
    <Project Path="src/Modules/HR.Modules.Leave/HR.Modules.Leave.csproj" />
    <Project Path="src/Modules/HR.Modules.Notifications/HR.Modules.Notifications.csproj" />
    <Project Path="src/Modules/HR.Modules.Tasks/HR.Modules.Tasks.csproj" />
  </Folder>
  <Folder Name="/src/Shared/">
    <Project Path="src/Shared/HR.SharedKernel/HR.SharedKernel.csproj" />
  </Folder>
  <Folder Name="/tests/">
    <Project Path="tests/HR.Architecture.Tests/HR.Architecture.Tests.csproj" />
    <Project Path="tests/HR.Web.E2E.Tests/HR.Web.E2E.Tests.csproj" />
     <Project Path="tests/HR.Modules.Companies.Tests/HR.Modules.Companies.Tests.csproj" />
      <Project Path="tests/HR.Integration.Tests/HR.Integration.Tests.csproj" />
    <Project Path="tests/HR.Modules.Documents.Tests/HR.Modules.Documents.Tests.csproj" />
    <Project Path="tests/HR.Modules.Employees.Tests/HR.Modules.Employees.Tests.csproj" />
    <Project Path="tests/HR.Modules.Identity.Tests/HR.Modules.Identity.Tests.csproj" />
    <Project Path="tests/HR.Modules.Leave.Tests/HR.Modules.Leave.Tests.csproj" />
    <Project Path="tests/HR.Modules.Notifications.Tests/HR.Modules.Notifications.Tests.csproj" />
    <Project Path="tests/HR.Modules.Tasks.Tests/HR.Modules.Tasks.Tests.csproj" />
  </Folder>
</Solution>
