{
  "version": 2,
  "dependencies": {
    "net10.0": {
      "FastEndpoints": {
        "type": "Direct",
        "requested": "[8.2.0, )",
        "resolved": "8.2.0",
        "contentHash": "NfsC7v8YDmZtBjWYs88+ef1/vnL+qGcw8FigGyNzJD8IVAG9ZSmtIKyLJu95BZjfAMwcGcjo+3qXsyC9L7SLlA==",
        "dependencies": {
          "FastEndpoints.Attributes": "8.2.0",
          "FastEndpoints.JobQueues": "8.2.0",
          "FastEndpoints.Messaging": "8.2.0",
          "FluentValidation": "12.1.1"
        }
      },
      "FluentValidation": {
        "type": "Direct",
        "requested": "[12.1.1, )",
        "resolved": "12.1.1",
        "contentHash": "EPpkIe1yh1a0OXyC100oOA8WMbZvqUu5plwhvYcb7oSELfyUZzfxV48BLhvs3kKo4NwG7MGLNgy1RJiYtT8Dpw=="
      },
      "Microsoft.EntityFrameworkCore": {
        "type": "Direct",
        "requested": "[10.0.12, )",
        "resolved": "10.0.12",
        "contentHash": "e7OrVN8U5yr4kuwdTHWBHGVQIVsGfMkAr0Ej1/BnrS989Q0XBVANpIzNZ2bc1GvMZ0/XwMt5InTnmKskxGy99Q==",
        "dependencies": {
          "Microsoft.EntityFrameworkCore.Abstractions": "10.0.12",
          "Microsoft.EntityFrameworkCore.Analyzers": "10.0.12"
        }
      },
      "Microsoft.EntityFrameworkCore.Relational": {
        "type": "Direct",
        "requested": "[10.0.11, )",
        "resolved": "10.0.11",
        "contentHash": "grznnTJgEYxaWpdKAsTzg6j+89jHgCXWYp+QGtlX5O92+w/VuhWM6JLPYb+uw8M9VhGUvOTsO76dYOy9vNPd5Q==",
        "dependencies": {
          "Microsoft.EntityFrameworkCore": "10.0.11"
        }
      },
      "Microsoft.Extensions.DependencyInjection.Abstractions": {
        "type": "Direct",
        "requested": "[10.0.12, )",
        "resolved": "10.0.12",
        "contentHash": "9/qymSh7hVDMGTGwrLz8MRp5zRyXy9adGDOs4HwRdnLil3oZGYuWeZjbmHgCQ9BL1qBroVfgUK3U/nb61617Cw=="
      },
      "Microsoft.Extensions.Logging.Abstractions": {
        "type": "Direct",
        "requested": "[10.0.12, )",
        "resolved": "10.0.12",
        "contentHash": "+24lC4plfbEDNfLAdTV/SWKS7dW+16X4HdydO3R++134kSNTzcbYA4KpR1Hdh6uWisB8Za3AzwyOn+K+NxWIug=="
      },
      "Newtonsoft.Json": {
        "type": "Direct",
        "requested": "[13.0.3, )",
        "resolved": "13.0.3",
        "contentHash": "HrC5BXdl00IP9zeV+0Z848QWPAoCr9P3bDEZguI+gkLcBKAOxix/tLEAAHC+UvDNPv4a2d18lOReHMOagPa+zQ=="
      },
      "FastEndpoints.Attributes": {
        "type": "Transitive",
        "resolved": "8.2.0",
        "contentHash": "ni128Yjqk5cAYTvkHqWvhCoFIDqUNstnNd7SljUKr3m8UdLDcZCUKy0lKe9W8R8KLTEdzwk0nufeZDb3MxAaDg=="
      },
      "FastEndpoints.Core": {
        "type": "Transitive",
        "resolved": "8.2.0",
        "contentHash": "jYC2hFYyH0Yfiv6ykR4SgctGu0Y1cx7gpiScRmdubepzGvPRysbNVNeysAKFg18ZP0PGXUharea3kcEAnJn8Iw=="
      },
      "FastEndpoints.JobQueues": {
        "type": "Transitive",
        "resolved": "8.2.0",
        "contentHash": "2ZhXE0Ghq+/TqsMP/3uy+XiT4FZRZ6+IFvnDfl+roSlhkgAO30g0SYob0eX3pEr93+KtT1trDSG2H+5rZHMTmA==",
        "dependencies": {
          "FastEndpoints.Messaging": "8.2.0"
        }
      },
      "FastEndpoints.Messaging": {
        "type": "Transitive",
        "resolved": "8.2.0",
        "contentHash": "5gyFV0GxY88WxxJZX4A+wY0a+wTpoloyyG+egJTiwZh9JrnDXgdMSKMzBf7ePi8vJUoGrVhcrJS4B+ThmUItqA==",
        "dependencies": {
          "FastEndpoints.Core": "8.2.0",
          "FastEndpoints.Messaging.Core": "8.2.0"
        }
      },
      "FastEndpoints.Messaging.Core": {
        "type": "Transitive",
        "resolved": "8.2.0",
        "contentHash": "ubGKGIzdSos62ECTNkkPcHubBem7Nbi7T1+f+h6uHhZblwW56SOxeSzQMA3C7/2qIs94bVnlT0bFphcEewH4BQ=="
      },
      "Microsoft.EntityFrameworkCore.Abstractions": {
        "type": "Transitive",
        "resolved": "10.0.12",
        "contentHash": "kDrux7T6C3V/YYYe2LXr7x6AEsVyq5Y2YoTE9er1SwbDtap3z1g8RgxNh5eKQVyB4T+DKvBBJ4Ezd/VZzJQJZg=="
      },
      "Microsoft.EntityFrameworkCore.Analyzers": {
        "type": "Transitive",
        "resolved": "10.0.12",
        "contentHash": "Kd4o2oO1A6dfKxjz5LS16QyLtpCFTUiFWwmBABETAXRsSImBdRdWeKjSgbbRhAMiV3a3/nWr95ZtzClT4uaADQ=="
      }
    }
  }
}