{
  "version": 2,
  "dependencies": {
    "net10.0": {
      "FastEndpoints": {
        "type": "Direct",
        "requested": "[8.2.0, )",
        "resolved": "8.2.0",
        "contentHash": "NfsC7v8YDmZtBjWYs88+ef1/vnL+qGcw8FigGyNzJD8IVAG9ZSmtIKyLJu95BZjfAMwcGcjo+3qXsyC9L7SLlA==",
        "dependencies": {
          "FastEndpoints.Attributes": "8.2.0",
          "FastEndpoints.JobQueues": "8.2.0",
          "FastEndpoints.Messaging": "8.2.0",
          "FluentValidation": "12.1.1"
        }
      },
      "FluentValidation": {
        "type": "Direct",
        "requested": "[12.1.1, )",
        "resolved": "12.1.1",
        "contentHash": "EPpkIe1yh1a0OXyC100oOA8WMbZvqUu5plwhvYcb7oSELfyUZzfxV48BLhvs3kKo4NwG7MGLNgy1RJiYtT8Dpw=="
      },
      "Microsoft.EntityFrameworkCore": {
        "type": "Direct",
        "requested": "[10.0.11, )",
        "resolved": "10.0.11",
        "contentHash": "VOSGU8en6HZJs8t7UMFN+9vGcRgVOOn6fA44Ngcg2NyvJ3P1KE94iAb0XzaVaGhXGtt+qaM/VtEn0/hzluQJeg==",
        "dependencies": {
          "Microsoft.EntityFrameworkCore.Abstractions": "10.0.11",
          "Microsoft.EntityFrameworkCore.Analyzers": "10.0.11"
        }
      },
      "Microsoft.EntityFrameworkCore.Relational": {
        "type": "Direct",
        "requested": "[10.0.11, )",
        "resolved": "10.0.11",
        "contentHash": "grznnTJgEYxaWpdKAsTzg6j+89jHgCXWYp+QGtlX5O92+w/VuhWM6JLPYb+uw8M9VhGUvOTsO76dYOy9vNPd5Q==",
        "dependencies": {
          "Microsoft.EntityFrameworkCore": "10.0.11"
        }
      },
      "Microsoft.Extensions.DependencyInjection.Abstractions": {
        "type": "Direct",
        "requested": "[10.0.11, )",
        "resolved": "10.0.11",
        "contentHash": "/a1aJz4m7ylhEDf25ugQChLQoN5XwoGjWw/BoR/ZWWKsO1v4DdJElS1uyngahz4B/eOzjFk1KNTkarRLE5wsIg=="
      },
      "Microsoft.Extensions.Logging.Abstractions": {
        "type": "Direct",
        "requested": "[10.0.11, )",
        "resolved": "10.0.11",
        "contentHash": "Ljd0Uxoq5XpScD2Bg0nM/r3mwx7Ao5Uq24eo2ARxbGvqJ7Zht6rt2cJtwVRH4Cv+1ZVMdXz6TB43KbpmsxRrvQ=="
      },
      "Newtonsoft.Json": {
        "type": "Direct",
        "requested": "[13.0.3, )",
        "resolved": "13.0.3",
        "contentHash": "HrC5BXdl00IP9zeV+0Z848QWPAoCr9P3bDEZguI+gkLcBKAOxix/tLEAAHC+UvDNPv4a2d18lOReHMOagPa+zQ=="
      },
      "FastEndpoints.Attributes": {
        "type": "Transitive",
        "resolved": "8.2.0",
        "contentHash": "ni128Yjqk5cAYTvkHqWvhCoFIDqUNstnNd7SljUKr3m8UdLDcZCUKy0lKe9W8R8KLTEdzwk0nufeZDb3MxAaDg=="
      },
      "FastEndpoints.Core": {
        "type": "Transitive",
        "resolved": "8.2.0",
        "contentHash": "jYC2hFYyH0Yfiv6ykR4SgctGu0Y1cx7gpiScRmdubepzGvPRysbNVNeysAKFg18ZP0PGXUharea3kcEAnJn8Iw=="
      },
      "FastEndpoints.JobQueues": {
        "type": "Transitive",
        "resolved": "8.2.0",
        "contentHash": "2ZhXE0Ghq+/TqsMP/3uy+XiT4FZRZ6+IFvnDfl+roSlhkgAO30g0SYob0eX3pEr93+KtT1trDSG2H+5rZHMTmA==",
        "dependencies": {
          "FastEndpoints.Messaging": "8.2.0"
        }
      },
      "FastEndpoints.Messaging": {
        "type": "Transitive",
        "resolved": "8.2.0",
        "contentHash": "5gyFV0GxY88WxxJZX4A+wY0a+wTpoloyyG+egJTiwZh9JrnDXgdMSKMzBf7ePi8vJUoGrVhcrJS4B+ThmUItqA==",
        "dependencies": {
          "FastEndpoints.Core": "8.2.0",
          "FastEndpoints.Messaging.Core": "8.2.0"
        }
      },
      "FastEndpoints.Messaging.Core": {
        "type": "Transitive",
        "resolved": "8.2.0",
        "contentHash": "ubGKGIzdSos62ECTNkkPcHubBem7Nbi7T1+f+h6uHhZblwW56SOxeSzQMA3C7/2qIs94bVnlT0bFphcEewH4BQ=="
      },
      "Microsoft.EntityFrameworkCore.Abstractions": {
        "type": "Transitive",
        "resolved": "10.0.11",
        "contentHash": "6auJR+9+9VunznKfH7WGrHMrnrmA0F7JZ22EXzwXvVhjfnbu9Xq7NSIWaOf3KJsOanM2qf5ajJ2JR5TlcPZTLA=="
      },
      "Microsoft.EntityFrameworkCore.Analyzers": {
        "type": "Transitive",
        "resolved": "10.0.11",
        "contentHash": "Bv7X4wSSnzCQED9WYXKJ8fwgyvKwf0xZM1GO8xkf6CF9zl+UBnvjxmcPnokJRy0JKjc1SlHSzzhx1HcL4jitTQ=="
      }
    }
  }
}